
Microsoft Visual Studio Solution File, Format Version 12.00
# Visual Studio Version 17
VisualStudioVersion = 17.1.32210.238
MinimumVisualStudioVersion = 10.0.40219.1
Project("{9A19103F-16F7-4668-BE54-9A1E7A4F7556}") = "Z80 Emulator", "Z80 Emulator\Z80 Emulator.csproj", "{A7D316ED-881F-4829-9AD4-B03CCC14675B}"
EndProject
Project("{9A19103F-16F7-4668-BE54-9A1E7A4F7556}") = "Z80 Assembler", "Z80 Assembler\Z80 Assembler.csproj", "{D4DB4414-16AB-419D-B9AE-A193E5797BE7}"
EndProject
Project("{9A19103F-16F7-4668-BE54-9A1E7A4F7556}") = "Zilog Z80 Processor", "Zilog Z80 Processor\Zilog Z80 Processor.csproj", "{017F56D3-7D7E-4B0C-A9F8-D298AA75EE46}"
EndProject
Project("{9A19103F-16F7-4668-BE54-9A1E7A4F7556}") = "Z80 C Compiler", "Z80 Compiler\Z80 C Compiler.csproj", "{5108355D-61F9-430B-86B0-2E1B9D20E434}"
EndProject
Global
	GlobalSection(SolutionConfigurationPlatforms) = preSolution
		Debug|Any CPU = Debug|Any CPU
		Release|Any CPU = Release|Any CPU
	EndGlobalSection
	GlobalSection(ProjectConfigurationPlatforms) = postSolution
		{A7D316ED-881F-4829-9AD4-B03CCC14675B}.Debug|Any CPU.ActiveCfg = Debug|Any CPU
		{A7D316ED-881F-4829-9AD4-B03CCC14675B}.Debug|Any CPU.Build.0 = Debug|Any CPU
		{A7D316ED-881F-4829-9AD4-B03CCC14675B}.Release|Any CPU.ActiveCfg = Release|Any CPU
		{A7D316ED-881F-4829-9AD4-B03CCC14675B}.Release|Any CPU.Build.0 = Release|Any CPU
		{D4DB4414-16AB-419D-B9AE-A193E5797BE7}.Debug|Any CPU.ActiveCfg = Debug|Any CPU
		{D4DB4414-16AB-419D-B9AE-A193E5797BE7}.Debug|Any CPU.Build.0 = Debug|Any CPU
		{D4DB4414-16AB-419D-B9AE-A193E5797BE7}.Release|Any CPU.ActiveCfg = Release|Any CPU
		{D4DB4414-16AB-419D-B9AE-A193E5797BE7}.Release|Any CPU.Build.0 = Release|Any CPU
		{017F56D3-7D7E-4B0C-A9F8-D298AA75EE46}.Debug|Any CPU.ActiveCfg = Debug|Any CPU
		{017F56D3-7D7E-4B0C-A9F8-D298AA75EE46}.Debug|Any CPU.Build.0 = Debug|Any CPU
		{017F56D3-7D7E-4B0C-A9F8-D298AA75EE46}.Release|Any CPU.ActiveCfg = Release|Any CPU
		{017F56D3-7D7E-4B0C-A9F8-D298AA75EE46}.Release|Any CPU.Build.0 = Release|Any CPU
		{5108355D-61F9-430B-86B0-2E1B9D20E434}.Debug|Any CPU.ActiveCfg = Debug|Any CPU
		{5108355D-61F9-430B-86B0-2E1B9D20E434}.Debug|Any CPU.Build.0 = Debug|Any CPU
		{5108355D-61F9-430B-86B0-2E1B9D20E434}.Release|Any CPU.ActiveCfg = Release|Any CPU
		{5108355D-61F9-430B-86B0-2E1B9D20E434}.Release|Any CPU.Build.0 = Release|Any CPU
	EndGlobalSection
	GlobalSection(SolutionProperties) = preSolution
		HideSolutionNode = FALSE
	EndGlobalSection
	GlobalSection(ExtensibilityGlobals) = postSolution
		SolutionGuid = {014460A3-DB6B-4118-B04C-DBDAFC0C11B2}
	EndGlobalSection
EndGlobal
